
Microsoft Visual Studio Solution File, Format Version 12.00
# Visual Studio Version 16
VisualStudioVersion = 16.0.30204.135
MinimumVisualStudioVersion = 10.0.40219.1
Project("{FAE04EC0-301F-11D3-BF4B-00C04F79EFBC}") = "LocationChanged", "..\LocationChanged\LocationChanged.csproj", "{1E4BEC48-8302-4181-8B4A-D8A4D91C9A18}"
EndProject
Global
	GlobalSection(SolutionConfigurationPlatforms) = preSolution
		Debug|Any CPU = Debug|Any CPU
		Release|Any CPU = Release|Any CPU
	EndGlobalSection
	GlobalSection(ProjectConfigurationPlatforms) = postSolution
		{1E4BEC48-8302-4181-8B4A-D8A4D91C9A18}.Debug|Any CPU.ActiveCfg = Debug|Any CPU
		{1E4BEC48-8302-4181-8B4A-D8A4D91C9A18}.Debug|Any CPU.Build.0 = Debug|Any CPU
		{1E4BEC48-8302-4181-8B4A-D8A4D91C9A18}.Release|Any CPU.ActiveCfg = Release|Any CPU
		{1E4BEC48-8302-4181-8B4A-D8A4D91C9A18}.Release|Any CPU.Build.0 = Release|Any CPU
	EndGlobalSection
	GlobalSection(SolutionProperties) = preSolution
		HideSolutionNode = FALSE
	EndGlobalSection
	GlobalSection(ExtensibilityGlobals) = postSolution
		SolutionGuid = {DE85894D-8C4B-4965-9EFD-4CB1CC0C658D}
	EndGlobalSection
EndGlobal
